
Microsoft Visual Studio Solution File, Format Version 12.00
# Visual Studio Version 17
VisualStudioVersion = 17.14.37502.11 d17.14
MinimumVisualStudioVersion = 10.0.40219.1
Project("{FAE04EC0-301F-11D3-BF4B-00C04F79EFBC}") = "AddressBookApp", "AddressBookApp.csproj", "{1134E018-1D9C-4DF5-AAB5-569FAAD1E2D7}"
EndProject
Global
	GlobalSection(SolutionConfigurationPlatforms) = preSolution
		Debug|Any CPU = Debug|Any CPU
		Release|Any CPU = Release|Any CPU
	EndGlobalSection
	GlobalSection(ProjectConfigurationPlatforms) = postSolution
		{1134E018-1D9C-4DF5-AAB5-569FAAD1E2D7}.Debug|Any CPU.ActiveCfg = Debug|Any CPU
		{1134E018-1D9C-4DF5-AAB5-569FAAD1E2D7}.Debug|Any CPU.Build.0 = Debug|Any CPU
		{1134E018-1D9C-4DF5-AAB5-569FAAD1E2D7}.Release|Any CPU.ActiveCfg = Release|Any CPU
		{1134E018-1D9C-4DF5-AAB5-569FAAD1E2D7}.Release|Any CPU.Build.0 = Release|Any CPU
	EndGlobalSection
	GlobalSection(SolutionProperties) = preSolution
		HideSolutionNode = FALSE
	EndGlobalSection
	GlobalSection(ExtensibilityGlobals) = postSolution
		SolutionGuid = {533860FA-0098-4F44-BA68-79A9B0D84D0E}
	EndGlobalSection
EndGlobal
